# This file is automatically @generated by Cargo.
# It is not intended for manual editing.
version = 3

[[package]]
name = "squalr-cli"
version = "0.1.0"
dependencies = [
 "squalr-engine",
 "squalr-engine-architecture",
 "squalr-engine-common",
 "squalr-engine-debuggers",
 "squalr-engine-memory",
 "squalr-engine-processes",
 "squalr-engine-projects",
 "squalr-engine-scanning",
 "squalr-engine-scripting",
]

[[package]]
name = "squalr-engine"
version = "0.1.0"
dependencies = [
 "squalr-engine-common",
 "squalr-engine-memory",
 "squalr-engine-scanning",
]

[[package]]
name = "squalr-engine-architecture"
version = "0.1.0"
dependencies = [
 "squalr-engine-common",
]

[[package]]
name = "squalr-engine-common"
version = "0.1.0"

[[package]]
name = "squalr-engine-debuggers"
version = "0.1.0"
dependencies = [
 "squalr-engine",
 "squalr-engine-architecture",
 "squalr-engine-common",
 "squalr-engine-memory",
]

[[package]]
name = "squalr-engine-memory"
version = "0.1.0"
dependencies = [
 "squalr-engine-common",
 "squalr-engine-processes",
]

[[package]]
name = "squalr-engine-processes"
version = "0.1.0"
dependencies = [
 "squalr-engine-common",
]

[[package]]
name = "squalr-engine-projects"
version = "0.1.0"
dependencies = [
 "squalr-engine-architecture",
 "squalr-engine-common",
 "squalr-engine-memory",
 "squalr-engine-scanning",
 "squalr-engine-scripting",
]

[[package]]
name = "squalr-engine-scanning"
version = "0.1.0"
dependencies = [
 "squalr-engine-architecture",
 "squalr-engine-memory",
]

[[package]]
name = "squalr-engine-scripting"
version = "0.1.0"
dependencies = [
 "squalr-engine-architecture",
 "squalr-engine-common",
 "squalr-engine-debuggers",
 "squalr-engine-memory",
 "squalr-engine-processes",
 "squalr-engine-scanning",
]
